
Microsoft Visual Studio Solution File, Format Version 12.00
# Visual Studio 15
Project("{FAE04EC0-301F-11D3-BF4B-00C04F79EFBC}") = "ast1", "Assembly-CSharp-firstpass.csproj", "{8F7272D7-EABF-CC14-1AF7-CFD95D5ED5ED}"
EndProject
Project("{FAE04EC0-301F-11D3-BF4B-00C04F79EFBC}") = "ast1", "Assembly-CSharp.csproj", "{6F0487D2-B65D-3A81-0D28-606331B7A1B4}"
EndProject
Project("{FAE04EC0-301F-11D3-BF4B-00C04F79EFBC}") = "ast1", "Assembly-CSharp-Editor.csproj", "{4CAAB989-FC52-9019-CD94-BF356A2FCB78}"
EndProject
Global
	GlobalSection(SolutionConfigurationPlatforms) = preSolution
		Debug|Any CPU = Debug|Any CPU
		Release|Any CPU = Release|Any CPU
	EndGlobalSection
	GlobalSection(ProjectConfigurationPlatforms) = postSolution
		{8F7272D7-EABF-CC14-1AF7-CFD95D5ED5ED}.Debug|Any CPU.ActiveCfg = Debug|Any CPU
		{8F7272D7-EABF-CC14-1AF7-CFD95D5ED5ED}.Debug|Any CPU.Build.0 = Debug|Any CPU
		{8F7272D7-EABF-CC14-1AF7-CFD95D5ED5ED}.Release|Any CPU.ActiveCfg = Release|Any CPU
		{8F7272D7-EABF-CC14-1AF7-CFD95D5ED5ED}.Release|Any CPU.Build.0 = Release|Any CPU
		{6F0487D2-B65D-3A81-0D28-606331B7A1B4}.Debug|Any CPU.ActiveCfg = Debug|Any CPU
		{6F0487D2-B65D-3A81-0D28-606331B7A1B4}.Debug|Any CPU.Build.0 = Debug|Any CPU
		{6F0487D2-B65D-3A81-0D28-606331B7A1B4}.Release|Any CPU.ActiveCfg = Release|Any CPU
		{6F0487D2-B65D-3A81-0D28-606331B7A1B4}.Release|Any CPU.Build.0 = Release|Any CPU
		{4CAAB989-FC52-9019-CD94-BF356A2FCB78}.Debug|Any CPU.ActiveCfg = Debug|Any CPU
		{4CAAB989-FC52-9019-CD94-BF356A2FCB78}.Debug|Any CPU.Build.0 = Debug|Any CPU
		{4CAAB989-FC52-9019-CD94-BF356A2FCB78}.Release|Any CPU.ActiveCfg = Release|Any CPU
		{4CAAB989-FC52-9019-CD94-BF356A2FCB78}.Release|Any CPU.Build.0 = Release|Any CPU
	EndGlobalSection
	GlobalSection(SolutionProperties) = preSolution
		HideSolutionNode = FALSE
	EndGlobalSection
EndGlobal
